
Microsoft Visual Studio Solution File, Format Version 12.00
# Visual Studio 14
VisualStudioVersion = 14.0.23107.0
MinimumVisualStudioVersion = 10.0.40219.1
Project("{262852C6-CD72-467D-83FE-5EEB1973A190}") = "MessengerMobile", "MessengerMobile\MessengerMobile.jsproj", "{FE5A28E8-B4F4-4715-88CE-BA8D3F0DF73A}"
EndProject
Project("{FAE04EC0-301F-11D3-BF4B-00C04F79EFBC}") = "MessengerServiceLibrary", "MessengerServiceLibrary\MessengerServiceLibrary.csproj", "{3AD2E673-026C-4BA5-AC9F-8C28D19EB053}"
EndProject
Project("{FAE04EC0-301F-11D3-BF4B-00C04F79EFBC}") = "MessengerAPI", "MessengerAPI\MessengerAPI.csproj", "{5FE5D1B9-05C2-4B39-8D5F-4B0CB17029DC}"
EndProject
Project("{FAE04EC0-301F-11D3-BF4B-00C04F79EFBC}") = "MessengerServiceLibrary.Test", "MessengerServiceLibrary.Test\MessengerServiceLibrary.Test.csproj", "{38E88855-2A36-4BFB-BDD5-00AC4ABD3359}"
EndProject
Global
	GlobalSection(SolutionConfigurationPlatforms) = preSolution
		Debug|Android = Debug|Android
		Debug|Any CPU = Debug|Any CPU
		Debug|iOS = Debug|iOS
		Debug|Windows Phone (Universal) = Debug|Windows Phone (Universal)
		Debug|Windows Phone 8 = Debug|Windows Phone 8
		Debug|Windows-AnyCPU = Debug|Windows-AnyCPU
		Debug|Windows-ARM = Debug|Windows-ARM
		Debug|Windows-x64 = Debug|Windows-x64
		Debug|Windows-x86 = Debug|Windows-x86
		Release|Android = Release|Android
		Release|Any CPU = Release|Any CPU
		Release|iOS = Release|iOS
		Release|Windows Phone (Universal) = Release|Windows Phone (Universal)
		Release|Windows Phone 8 = Release|Windows Phone 8
		Release|Windows-AnyCPU = Release|Windows-AnyCPU
		Release|Windows-ARM = Release|Windows-ARM
		Release|Windows-x64 = Release|Windows-x64
		Release|Windows-x86 = Release|Windows-x86
	EndGlobalSection
	GlobalSection(ProjectConfigurationPlatforms) = postSolution
		{FE5A28E8-B4F4-4715-88CE-BA8D3F0DF73A}.Debug|Android.ActiveCfg = Debug|Android
		{FE5A28E8-B4F4-4715-88CE-BA8D3F0DF73A}.Debug|Android.Build.0 = Debug|Android
		{FE5A28E8-B4F4-4715-88CE-BA8D3F0DF73A}.Debug|Android.Deploy.0 = Debug|Android
		{FE5A28E8-B4F4-4715-88CE-BA8D3F0DF73A}.Debug|Any CPU.ActiveCfg = Debug|Android
		{FE5A28E8-B4F4-4715-88CE-BA8D3F0DF73A}.Debug|iOS.ActiveCfg = Debug|iOS
		{FE5A28E8-B4F4-4715-88CE-BA8D3F0DF73A}.Debug|iOS.Build.0 = Debug|iOS
		{FE5A28E8-B4F4-4715-88CE-BA8D3F0DF73A}.Debug|iOS.Deploy.0 = Debug|iOS
		{FE5A28E8-B4F4-4715-88CE-BA8D3F0DF73A}.Debug|Windows Phone (Universal).ActiveCfg = Debug|Windows Phone (Universal)
		{FE5A28E8-B4F4-4715-88CE-BA8D3F0DF73A}.Debug|Windows Phone (Universal).Build.0 = Debug|Windows Phone (Universal)
		{FE5A28E8-B4F4-4715-88CE-BA8D3F0DF73A}.Debug|Windows Phone (Universal).Deploy.0 = Debug|Windows Phone (Universal)
		{FE5A28E8-B4F4-4715-88CE-BA8D3F0DF73A}.Debug|Windows Phone 8.ActiveCfg = Debug|Windows Phone 8
		{FE5A28E8-B4F4-4715-88CE-BA8D3F0DF73A}.Debug|Windows Phone 8.Build.0 = Debug|Windows Phone 8
		{FE5A28E8-B4F4-4715-88CE-BA8D3F0DF73A}.Debug|Windows Phone 8.Deploy.0 = Debug|Windows Phone 8
		{FE5A28E8-B4F4-4715-88CE-BA8D3F0DF73A}.Debug|Windows-AnyCPU.ActiveCfg = Debug|Windows-AnyCPU
		{FE5A28E8-B4F4-4715-88CE-BA8D3F0DF73A}.Debug|Windows-AnyCPU.Build.0 = Debug|Windows-AnyCPU
		{FE5A28E8-B4F4-4715-88CE-BA8D3F0DF73A}.Debug|Windows-AnyCPU.Deploy.0 = Debug|Windows-AnyCPU
		{FE5A28E8-B4F4-4715-88CE-BA8D3F0DF73A}.Debug|Windows-ARM.ActiveCfg = Debug|Windows-ARM
		{FE5A28E8-B4F4-4715-88CE-BA8D3F0DF73A}.Debug|Windows-ARM.Build.0 = Debug|Windows-ARM
		{FE5A28E8-B4F4-4715-88CE-BA8D3F0DF73A}.Debug|Windows-ARM.Deploy.0 = Debug|Windows-ARM
		{FE5A28E8-B4F4-4715-88CE-BA8D3F0DF73A}.Debug|Windows-x64.ActiveCfg = Debug|Windows-x64
		{FE5A28E8-B4F4-4715-88CE-BA8D3F0DF73A}.Debug|Windows-x64.Build.0 = Debug|Windows-x64
		{FE5A28E8-B4F4-4715-88CE-BA8D3F0DF73A}.Debug|Windows-x64.Deploy.0 = Debug|Windows-x64
		{FE5A28E8-B4F4-4715-88CE-BA8D3F0DF73A}.Debug|Windows-x86.ActiveCfg = Debug|Windows-x86
		{FE5A28E8-B4F4-4715-88CE-BA8D3F0DF73A}.Debug|Windows-x86.Build.0 = Debug|Windows-x86
		{FE5A28E8-B4F4-4715-88CE-BA8D3F0DF73A}.Debug|Windows-x86.Deploy.0 = Debug|Windows-x86
		{FE5A28E8-B4F4-4715-88CE-BA8D3F0DF73A}.Release|Android.ActiveCfg = Release|Android
		{FE5A28E8-B4F4-4715-88CE-BA8D3F0DF73A}.Release|Android.Build.0 = Release|Android
		{FE5A28E8-B4F4-4715-88CE-BA8D3F0DF73A}.Release|Android.Deploy.0 = Release|Android
		{FE5A28E8-B4F4-4715-88CE-BA8D3F0DF73A}.Release|Any CPU.ActiveCfg = Release|Android
		{FE5A28E8-B4F4-4715-88CE-BA8D3F0DF73A}.Release|iOS.ActiveCfg = Release|iOS
		{FE5A28E8-B4F4-4715-88CE-BA8D3F0DF73A}.Release|iOS.Build.0 = Release|iOS
		{FE5A28E8-B4F4-4715-88CE-BA8D3F0DF73A}.Release|iOS.Deploy.0 = Release|iOS
		{FE5A28E8-B4F4-4715-88CE-BA8D3F0DF73A}.Release|Windows Phone (Universal).ActiveCfg = Release|Windows Phone (Universal)
		{FE5A28E8-B4F4-4715-88CE-BA8D3F0DF73A}.Release|Windows Phone (Universal).Build.0 = Release|Windows Phone (Universal)
		{FE5A28E8-B4F4-4715-88CE-BA8D3F0DF73A}.Release|Windows Phone (Universal).Deploy.0 = Release|Windows Phone (Universal)
		{FE5A28E8-B4F4-4715-88CE-BA8D3F0DF73A}.Release|Windows Phone 8.ActiveCfg = Release|Windows Phone 8
		{FE5A28E8-B4F4-4715-88CE-BA8D3F0DF73A}.Release|Windows Phone 8.Build.0 = Release|Windows Phone 8
		{FE5A28E8-B4F4-4715-88CE-BA8D3F0DF73A}.Release|Windows Phone 8.Deploy.0 = Release|Windows Phone 8
		{FE5A28E8-B4F4-4715-88CE-BA8D3F0DF73A}.Release|Windows-AnyCPU.ActiveCfg = Release|Windows-AnyCPU
		{FE5A28E8-B4F4-4715-88CE-BA8D3F0DF73A}.Release|Windows-AnyCPU.Build.0 = Release|Windows-AnyCPU
		{FE5A28E8-B4F4-4715-88CE-BA8D3F0DF73A}.Release|Windows-AnyCPU.Deploy.0 = Release|Windows-AnyCPU
		{FE5A28E8-B4F4-4715-88CE-BA8D3F0DF73A}.Release|Windows-ARM.ActiveCfg = Release|Windows-ARM
		{FE5A28E8-B4F4-4715-88CE-BA8D3F0DF73A}.Release|Windows-ARM.Build.0 = Release|Windows-ARM
		{FE5A28E8-B4F4-4715-88CE-BA8D3F0DF73A}.Release|Windows-ARM.Deploy.0 = Release|Windows-ARM
		{FE5A28E8-B4F4-4715-88CE-BA8D3F0DF73A}.Release|Windows-x64.ActiveCfg = Release|Windows-x64
		{FE5A28E8-B4F4-4715-88CE-BA8D3F0DF73A}.Release|Windows-x64.Build.0 = Release|Windows-x64
		{FE5A28E8-B4F4-4715-88CE-BA8D3F0DF73A}.Release|Windows-x64.Deploy.0 = Release|Windows-x64
		{FE5A28E8-B4F4-4715-88CE-BA8D3F0DF73A}.Release|Windows-x86.ActiveCfg = Release|Windows-x86
		{FE5A28E8-B4F4-4715-88CE-BA8D3F0DF73A}.Release|Windows-x86.Build.0 = Release|Windows-x86
		{FE5A28E8-B4F4-4715-88CE-BA8D3F0DF73A}.Release|Windows-x86.Deploy.0 = Release|Windows-x86
		{3AD2E673-026C-4BA5-AC9F-8C28D19EB053}.Debug|Android.ActiveCfg = Debug|Any CPU
		{3AD2E673-026C-4BA5-AC9F-8C28D19EB053}.Debug|Android.Build.0 = Debug|Any CPU
		{3AD2E673-026C-4BA5-AC9F-8C28D19EB053}.Debug|Any CPU.ActiveCfg = Debug|Any CPU
		{3AD2E673-026C-4BA5-AC9F-8C28D19EB053}.Debug|Any CPU.Build.0 = Debug|Any CPU
		{3AD2E673-026C-4BA5-AC9F-8C28D19EB053}.Debug|iOS.ActiveCfg = Debug|Any CPU
		{3AD2E673-026C-4BA5-AC9F-8C28D19EB053}.Debug|iOS.Build.0 = Debug|Any CPU
		{3AD2E673-026C-4BA5-AC9F-8C28D19EB053}.Debug|Windows Phone (Universal).ActiveCfg = Debug|Any CPU
		{3AD2E673-026C-4BA5-AC9F-8C28D19EB053}.Debug|Windows Phone (Universal).Build.0 = Debug|Any CPU
		{3AD2E673-026C-4BA5-AC9F-8C28D19EB053}.Debug|Windows Phone 8.ActiveCfg = Debug|Any CPU
		{3AD2E673-026C-4BA5-AC9F-8C28D19EB053}.Debug|Windows Phone 8.Build.0 = Debug|Any CPU
		{3AD2E673-026C-4BA5-AC9F-8C28D19EB053}.Debug|Windows-AnyCPU.ActiveCfg = Debug|Any CPU
		{3AD2E673-026C-4BA5-AC9F-8C28D19EB053}.Debug|Windows-AnyCPU.Build.0 = Debug|Any CPU
		{3AD2E673-026C-4BA5-AC9F-8C28D19EB053}.Debug|Windows-ARM.ActiveCfg = Debug|Any CPU
		{3AD2E673-026C-4BA5-AC9F-8C28D19EB053}.Debug|Windows-ARM.Build.0 = Debug|Any CPU
		{3AD2E673-026C-4BA5-AC9F-8C28D19EB053}.Debug|Windows-x64.ActiveCfg = Debug|Any CPU
		{3AD2E673-026C-4BA5-AC9F-8C28D19EB053}.Debug|Windows-x64.Build.0 = Debug|Any CPU
		{3AD2E673-026C-4BA5-AC9F-8C28D19EB053}.Debug|Windows-x86.ActiveCfg = Debug|Any CPU
		{3AD2E673-026C-4BA5-AC9F-8C28D19EB053}.Debug|Windows-x86.Build.0 = Debug|Any CPU
		{3AD2E673-026C-4BA5-AC9F-8C28D19EB053}.Release|Android.ActiveCfg = Release|Any CPU
		{3AD2E673-026C-4BA5-AC9F-8C28D19EB053}.Release|Android.Build.0 = Release|Any CPU
		{3AD2E673-026C-4BA5-AC9F-8C28D19EB053}.Release|Any CPU.ActiveCfg = Release|Any CPU
		{3AD2E673-026C-4BA5-AC9F-8C28D19EB053}.Release|Any CPU.Build.0 = Release|Any CPU
		{3AD2E673-026C-4BA5-AC9F-8C28D19EB053}.Release|iOS.ActiveCfg = Release|Any CPU
		{3AD2E673-026C-4BA5-AC9F-8C28D19EB053}.Release|iOS.Build.0 = Release|Any CPU
		{3AD2E673-026C-4BA5-AC9F-8C28D19EB053}.Release|Windows Phone (Universal).ActiveCfg = Release|Any CPU
		{3AD2E673-026C-4BA5-AC9F-8C28D19EB053}.Release|Windows Phone (Universal).Build.0 = Release|Any CPU
		{3AD2E673-026C-4BA5-AC9F-8C28D19EB053}.Release|Windows Phone 8.ActiveCfg = Release|Any CPU
		{3AD2E673-026C-4BA5-AC9F-8C28D19EB053}.Release|Windows Phone 8.Build.0 = Release|Any CPU
		{3AD2E673-026C-4BA5-AC9F-8C28D19EB053}.Release|Windows-AnyCPU.ActiveCfg = Release|Any CPU
		{3AD2E673-026C-4BA5-AC9F-8C28D19EB053}.Release|Windows-AnyCPU.Build.0 = Release|Any CPU
		{3AD2E673-026C-4BA5-AC9F-8C28D19EB053}.Release|Windows-ARM.ActiveCfg = Release|Any CPU
		{3AD2E673-026C-4BA5-AC9F-8C28D19EB053}.Release|Windows-ARM.Build.0 = Release|Any CPU
		{3AD2E673-026C-4BA5-AC9F-8C28D19EB053}.Release|Windows-x64.ActiveCfg = Release|Any CPU
		{3AD2E673-026C-4BA5-AC9F-8C28D19EB053}.Release|Windows-x64.Build.0 = Release|Any CPU
		{3AD2E673-026C-4BA5-AC9F-8C28D19EB053}.Release|Windows-x86.ActiveCfg = Release|Any CPU
		{3AD2E673-026C-4BA5-AC9F-8C28D19EB053}.Release|Windows-x86.Build.0 = Release|Any CPU
		{5FE5D1B9-05C2-4B39-8D5F-4B0CB17029DC}.Debug|Android.ActiveCfg = Debug|Any CPU
		{5FE5D1B9-05C2-4B39-8D5F-4B0CB17029DC}.Debug|Android.Build.0 = Debug|Any CPU
		{5FE5D1B9-05C2-4B39-8D5F-4B0CB17029DC}.Debug|Any CPU.ActiveCfg = Debug|Any CPU
		{5FE5D1B9-05C2-4B39-8D5F-4B0CB17029DC}.Debug|Any CPU.Build.0 = Debug|Any CPU
		{5FE5D1B9-05C2-4B39-8D5F-4B0CB17029DC}.Debug|iOS.ActiveCfg = Debug|Any CPU
		{5FE5D1B9-05C2-4B39-8D5F-4B0CB17029DC}.Debug|iOS.Build.0 = Debug|Any CPU
		{5FE5D1B9-05C2-4B39-8D5F-4B0CB17029DC}.Debug|Windows Phone (Universal).ActiveCfg = Debug|Any CPU
		{5FE5D1B9-05C2-4B39-8D5F-4B0CB17029DC}.Debug|Windows Phone (Universal).Build.0 = Debug|Any CPU
		{5FE5D1B9-05C2-4B39-8D5F-4B0CB17029DC}.Debug|Windows Phone 8.ActiveCfg = Debug|Any CPU
		{5FE5D1B9-05C2-4B39-8D5F-4B0CB17029DC}.Debug|Windows Phone 8.Build.0 = Debug|Any CPU
		{5FE5D1B9-05C2-4B39-8D5F-4B0CB17029DC}.Debug|Windows-AnyCPU.ActiveCfg = Debug|Any CPU
		{5FE5D1B9-05C2-4B39-8D5F-4B0CB17029DC}.Debug|Windows-AnyCPU.Build.0 = Debug|Any CPU
		{5FE5D1B9-05C2-4B39-8D5F-4B0CB17029DC}.Debug|Windows-ARM.ActiveCfg = Debug|Any CPU
		{5FE5D1B9-05C2-4B39-8D5F-4B0CB17029DC}.Debug|Windows-ARM.Build.0 = Debug|Any CPU
		{5FE5D1B9-05C2-4B39-8D5F-4B0CB17029DC}.Debug|Windows-x64.ActiveCfg = Debug|Any CPU
		{5FE5D1B9-05C2-4B39-8D5F-4B0CB17029DC}.Debug|Windows-x64.Build.0 = Debug|Any CPU
		{5FE5D1B9-05C2-4B39-8D5F-4B0CB17029DC}.Debug|Windows-x86.ActiveCfg = Debug|Any CPU
		{5FE5D1B9-05C2-4B39-8D5F-4B0CB17029DC}.Debug|Windows-x86.Build.0 = Debug|Any CPU
		{5FE5D1B9-05C2-4B39-8D5F-4B0CB17029DC}.Release|Android.ActiveCfg = Release|Any CPU
		{5FE5D1B9-05C2-4B39-8D5F-4B0CB17029DC}.Release|Android.Build.0 = Release|Any CPU
		{5FE5D1B9-05C2-4B39-8D5F-4B0CB17029DC}.Release|Any CPU.ActiveCfg = Release|Any CPU
		{5FE5D1B9-05C2-4B39-8D5F-4B0CB17029DC}.Release|Any CPU.Build.0 = Release|Any CPU
		{5FE5D1B9-05C2-4B39-8D5F-4B0CB17029DC}.Release|iOS.ActiveCfg = Release|Any CPU
		{5FE5D1B9-05C2-4B39-8D5F-4B0CB17029DC}.Release|iOS.Build.0 = Release|Any CPU
		{5FE5D1B9-05C2-4B39-8D5F-4B0CB17029DC}.Release|Windows Phone (Universal).ActiveCfg = Release|Any CPU
		{5FE5D1B9-05C2-4B39-8D5F-4B0CB17029DC}.Release|Windows Phone (Universal).Build.0 = Release|Any CPU
		{5FE5D1B9-05C2-4B39-8D5F-4B0CB17029DC}.Release|Windows Phone 8.ActiveCfg = Release|Any CPU
		{5FE5D1B9-05C2-4B39-8D5F-4B0CB17029DC}.Release|Windows Phone 8.Build.0 = Release|Any CPU
		{5FE5D1B9-05C2-4B39-8D5F-4B0CB17029DC}.Release|Windows-AnyCPU.ActiveCfg = Release|Any CPU
		{5FE5D1B9-05C2-4B39-8D5F-4B0CB17029DC}.Release|Windows-AnyCPU.Build.0 = Release|Any CPU
		{5FE5D1B9-05C2-4B39-8D5F-4B0CB17029DC}.Release|Windows-ARM.ActiveCfg = Release|Any CPU
		{5FE5D1B9-05C2-4B39-8D5F-4B0CB17029DC}.Release|Windows-ARM.Build.0 = Release|Any CPU
		{5FE5D1B9-05C2-4B39-8D5F-4B0CB17029DC}.Release|Windows-x64.ActiveCfg = Release|Any CPU
		{5FE5D1B9-05C2-4B39-8D5F-4B0CB17029DC}.Release|Windows-x64.Build.0 = Release|Any CPU
		{5FE5D1B9-05C2-4B39-8D5F-4B0CB17029DC}.Release|Windows-x86.ActiveCfg = Release|Any CPU
		{5FE5D1B9-05C2-4B39-8D5F-4B0CB17029DC}.Release|Windows-x86.Build.0 = Release|Any CPU
		{38E88855-2A36-4BFB-BDD5-00AC4ABD3359}.Debug|Android.ActiveCfg = Debug|Any CPU
		{38E88855-2A36-4BFB-BDD5-00AC4ABD3359}.Debug|Android.Build.0 = Debug|Any CPU
		{38E88855-2A36-4BFB-BDD5-00AC4ABD3359}.Debug|Any CPU.ActiveCfg = Debug|Any CPU
		{38E88855-2A36-4BFB-BDD5-00AC4ABD3359}.Debug|Any CPU.Build.0 = Debug|Any CPU
		{38E88855-2A36-4BFB-BDD5-00AC4ABD3359}.Debug|iOS.ActiveCfg = Debug|Any CPU
		{38E88855-2A36-4BFB-BDD5-00AC4ABD3359}.Debug|iOS.Build.0 = Debug|Any CPU
		{38E88855-2A36-4BFB-BDD5-00AC4ABD3359}.Debug|Windows Phone (Universal).ActiveCfg = Debug|Any CPU
		{38E88855-2A36-4BFB-BDD5-00AC4ABD3359}.Debug|Windows Phone (Universal).Build.0 = Debug|Any CPU
		{38E88855-2A36-4BFB-BDD5-00AC4ABD3359}.Debug|Windows Phone 8.ActiveCfg = Debug|Any CPU
		{38E88855-2A36-4BFB-BDD5-00AC4ABD3359}.Debug|Windows Phone 8.Build.0 = Debug|Any CPU
		{38E88855-2A36-4BFB-BDD5-00AC4ABD3359}.Debug|Windows-AnyCPU.ActiveCfg = Debug|Any CPU
		{38E88855-2A36-4BFB-BDD5-00AC4ABD3359}.Debug|Windows-AnyCPU.Build.0 = Debug|Any CPU
		{38E88855-2A36-4BFB-BDD5-00AC4ABD3359}.Debug|Windows-ARM.ActiveCfg = Debug|Any CPU
		{38E88855-2A36-4BFB-BDD5-00AC4ABD3359}.Debug|Windows-ARM.Build.0 = Debug|Any CPU
		{38E88855-2A36-4BFB-BDD5-00AC4ABD3359}.Debug|Windows-x64.ActiveCfg = Debug|Any CPU
		{38E88855-2A36-4BFB-BDD5-00AC4ABD3359}.Debug|Windows-x64.Build.0 = Debug|Any CPU
		{38E88855-2A36-4BFB-BDD5-00AC4ABD3359}.Debug|Windows-x86.ActiveCfg = Debug|Any CPU
		{38E88855-2A36-4BFB-BDD5-00AC4ABD3359}.Debug|Windows-x86.Build.0 = Debug|Any CPU
		{38E88855-2A36-4BFB-BDD5-00AC4ABD3359}.Release|Android.ActiveCfg = Release|Any CPU
		{38E88855-2A36-4BFB-BDD5-00AC4ABD3359}.Release|Android.Build.0 = Release|Any CPU
		{38E88855-2A36-4BFB-BDD5-00AC4ABD3359}.Release|Any CPU.ActiveCfg = Release|Any CPU
		{38E88855-2A36-4BFB-BDD5-00AC4ABD3359}.Release|Any CPU.Build.0 = Release|Any CPU
		{38E88855-2A36-4BFB-BDD5-00AC4ABD3359}.Release|iOS.ActiveCfg = Release|Any CPU
		{38E88855-2A36-4BFB-BDD5-00AC4ABD3359}.Release|iOS.Build.0 = Release|Any CPU
		{38E88855-2A36-4BFB-BDD5-00AC4ABD3359}.Release|Windows Phone (Universal).ActiveCfg = Release|Any CPU
		{38E88855-2A36-4BFB-BDD5-00AC4ABD3359}.Release|Windows Phone (Universal).Build.0 = Release|Any CPU
		{38E88855-2A36-4BFB-BDD5-00AC4ABD3359}.Release|Windows Phone 8.ActiveCfg = Release|Any CPU
		{38E88855-2A36-4BFB-BDD5-00AC4ABD3359}.Release|Windows Phone 8.Build.0 = Release|Any CPU
		{38E88855-2A36-4BFB-BDD5-00AC4ABD3359}.Release|Windows-AnyCPU.ActiveCfg = Release|Any CPU
		{38E88855-2A36-4BFB-BDD5-00AC4ABD3359}.Release|Windows-AnyCPU.Build.0 = Release|Any CPU
		{38E88855-2A36-4BFB-BDD5-00AC4ABD3359}.Release|Windows-ARM.ActiveCfg = Release|Any CPU
		{38E88855-2A36-4BFB-BDD5-00AC4ABD3359}.Release|Windows-ARM.Build.0 = Release|Any CPU
		{38E88855-2A36-4BFB-BDD5-00AC4ABD3359}.Release|Windows-x64.ActiveCfg = Release|Any CPU
		{38E88855-2A36-4BFB-BDD5-00AC4ABD3359}.Release|Windows-x64.Build.0 = Release|Any CPU
		{38E88855-2A36-4BFB-BDD5-00AC4ABD3359}.Release|Windows-x86.ActiveCfg = Release|Any CPU
		{38E88855-2A36-4BFB-BDD5-00AC4ABD3359}.Release|Windows-x86.Build.0 = Release|Any CPU
	EndGlobalSection
	GlobalSection(SolutionProperties) = preSolution
		HideSolutionNode = FALSE
	EndGlobalSection
EndGlobal
